// !$*UTF8*$!
{
	archiveVersion = 1;
	classes = {
	};
	objectVersion = 46;
	objects = {

/* Begin PBXBuildFile section */
		27E51EBD1D6B4C4B00B0E35A /* AppDelegate.swift in Sources */ = {isa = PBXBuildFile; fileRef = 27E51EBC1D6B4C4B00B0E35A /* AppDelegate.swift */; };
		27E51EBF1D6B4C4B00B0E35A /* ViewController.swift in Sources */ = {isa = PBXBuildFile; fileRef = 27E51EBE1D6B4C4B00B0E35A /* ViewController.swift */; };
		27E51EC21D6B4C4B00B0E35A /* Main.storyboard in Resources */ = {isa = PBXBuildFile; fileRef = 27E51EC01D6B4C4B00B0E35A /* Main.storyboard */; };
		27E51EC41D6B4C4B00B0E35A /* Assets.xcassets in Resources */ = {isa = PBXBuildFile; fileRef = 27E51EC31D6B4C4B00B0E35A /* Assets.xcassets */; };
		27E51EC71D6B4C4B00B0E35A /* LaunchScreen.storyboard in Resources */ = {isa = PBXBuildFile; fileRef = 27E51EC51D6B4C4B00B0E35A /* LaunchScreen.storyboard */; };
		27E51ED21D6B4C4B00B0E35A /* Week_1_Homework___DropboxTests.swift in Sources */ = {isa = PBXBuildFile; fileRef = 27E51ED11D6B4C4B00B0E35A /* Week_1_Homework___DropboxTests.swift */; };
		27E51EDD1D6B4C4B00B0E35A /* Week_1_Homework___DropboxUITests.swift in Sources */ = {isa = PBXBuildFile; fileRef = 27E51EDC1D6B4C4B00B0E35A /* Week_1_Homework___DropboxUITests.swift */; };
/* End PBXBuildFile section */

/* Begin PBXContainerItemProxy section */
		27E51ECE1D6B4C4B00B0E35A /* PBXContainerItemProxy */ = {
			isa = PBXContainerItemProxy;
			containerPortal = 27E51EB11D6B4C4B00B0E35A /* Project object */;
			proxyType = 1;
			remoteGlobalIDString = 27E51EB81D6B4C4B00B0E35A;
			remoteInfo = "Week 1 Homework - Dropbox";
		};
		27E51ED91D6B4C4B00B0E35A /* PBXContainerItemProxy */ = {
			isa = PBXContainerItemProxy;
			containerPortal = 27E51EB11D6B4C4B00B0E35A /* Project object */;
			proxyType = 1;
			remoteGlobalIDString = 27E51EB81D6B4C4B00B0E35A;
			remoteInfo = "Week 1 Homework - Dropbox";
		};
/* End PBXContainerItemProxy section */

/* Begin PBXFileReference section */
		27E51EB91D6B4C4B00B0E35A /* Week 1 Homework - Dropbox.app */ = {isa = PBXFileReference; explicitFileType = wrapper.application; includeInIndex = 0; path = "Week 1 Homework - Dropbox.app"; sourceTree = BUILT_PRODUCTS_DIR; };
		27E51EBC1D6B4C4B00B0E35A /* AppDelegate.swift */ = {isa = PBXFileReference; lastKnownFileType = sourcecode.swift; path = AppDelegate.swift; sourceTree = "<group>"; };
		27E51EBE1D6B4C4B00B0E35A /* ViewController.swift */ = {isa = PBXFileReference; lastKnownFileType = sourcecode.swift; path = ViewController.swift; sourceTree = "<group>"; };
		27E51EC11D6B4C4B00B0E35A /* Base */ = {isa = PBXFileReference; lastKnownFileType = file.storyboard; name = Base; path = Base.lproj/Main.storyboard; sourceTree = "<group>"; };
		27E51EC31D6B4C4B00B0E35A /* Assets.xcassets */ = {isa = PBXFileReference; lastKnownFileType = folder.assetcatalog; path = Assets.xcassets; sourceTree = "<group>"; };
		27E51EC61D6B4C4B00B0E35A /* Base */ = {isa = PBXFileReference; lastKnownFileType = file.storyboard; name = Base; path = Base.lproj/LaunchScreen.storyboard; sourceTree = "<group>"; };
		27E51EC81D6B4C4B00B0E35A /* Info.plist */ = {isa = PBXFileReference; lastKnownFileType = text.plist.xml; path = Info.plist; sourceTree = "<group>"; };
		27E51ECD1D6B4C4B00B0E35A /* Week 1 Homework - DropboxTests.xctest */ = {isa = PBXFileReference; explicitFileType = wrapper.cfbundle; includeInIndex = 0; path = "Week 1 Homework - DropboxTests.xctest"; sourceTree = BUILT_PRODUCTS_DIR; };
		27E51ED11D6B4C4B00B0E35A /* Week_1_Homework___DropboxTests.swift */ = {isa = PBXFileReference; lastKnownFileType = sourcecode.swift; path = "Week_1_Homework___DropboxTests.swift"; sourceTree = "<group>"; };
		27E51ED31D6B4C4B00B0E35A /* Info.plist */ = {isa = PBXFileReference; lastKnownFileType = text.plist.xml; path = Info.plist; sourceTree = "<group>"; };
		27E51ED81D6B4C4B00B0E35A /* Week 1 Homework - DropboxUITests.xctest */ = {isa = PBXFileReference; explicitFileType = wrapper.cfbundle; includeInIndex = 0; path = "Week 1 Homework - DropboxUITests.xctest"; sourceTree = BUILT_PRODUCTS_DIR; };
		27E51EDC1D6B4C4B00B0E35A /* Week_1_Homework___DropboxUITests.swift */ = {isa = PBXFileReference; lastKnownFileType = sourcecode.swift; path = "Week_1_Homework___DropboxUITests.swift"; sourceTree = "<group>"; };
		27E51EDE1D6B4C4B00B0E35A /* Info.plist */ = {isa = PBXFileReference; lastKnownFileType = text.plist.xml; path = Info.plist; sourceTree = "<group>"; };
/* End PBXFileReference section */

/* Begin PBXFrameworksBuildPhase section */
		27E51EB61D6B4C4B00B0E35A /* Frameworks */ = {
			isa = PBXFrameworksBuildPhase;
			buildActionMask = 2147483647;
			files = (
			);
			runOnlyForDeploymentPostprocessing = 0;
		};
		27E51ECA1D6B4C4B00B0E35A /* Frameworks */ = {
			isa = PBXFrameworksBuildPhase;
			buildActionMask = 2147483647;
			files = (
			);
			runOnlyForDeploymentPostprocessing = 0;
		};
		27E51ED51D6B4C4B00B0E35A /* Frameworks */ = {
			isa = PBXFrameworksBuildPhase;
			buildActionMask = 2147483647;
			files = (
			);
			runOnlyForDeploymentPostprocessing = 0;
		};
/* End PBXFrameworksBuildPhase section */

/* Begin PBXGroup section */
		27E51EB01D6B4C4B00B0E35A = {
			isa = PBXGroup;
			children = (
				27E51EBB1D6B4C4B00B0E35A /* Week 1 Homework - Dropbox */,
				27E51ED01D6B4C4B00B0E35A /* Week 1 Homework - DropboxTests */,
				27E51EDB1D6B4C4B00B0E35A /* Week 1 Homework - DropboxUITests */,
				27E51EBA1D6B4C4B00B0E35A /* Products */,
			);
			sourceTree = "<group>";
		};
		27E51EBA1D6B4C4B00B0E35A /* Products */ = {
			isa = PBXGroup;
			children = (
				27E51EB91D6B4C4B00B0E35A /* Week 1 Homework - Dropbox.app */,
				27E51ECD1D6B4C4B00B0E35A /* Week 1 Homework - DropboxTests.xctest */,
				27E51ED81D6B4C4B00B0E35A /* Week 1 Homework - DropboxUITests.xctest */,
			);
			name = Products;
			sourceTree = "<group>";
		};
		27E51EBB1D6B4C4B00B0E35A /* Week 1 Homework - Dropbox */ = {
			isa = PBXGroup;
			children = (
				27E51EBC1D6B4C4B00B0E35A /* AppDelegate.swift */,
				27E51EBE1D6B4C4B00B0E35A /* ViewController.swift */,
				27E51EC01D6B4C4B00B0E35A /* Main.storyboard */,
				27E51EC31D6B4C4B00B0E35A /* Assets.xcassets */,
				27E51EC51D6B4C4B00B0E35A /* LaunchScreen.storyboard */,
				27E51EC81D6B4C4B00B0E35A /* Info.plist */,
			);
			path = "Week 1 Homework - Dropbox";
			sourceTree = "<group>";
		};
		27E51ED01D6B4C4B00B0E35A /* Week 1 Homework - DropboxTests */ = {
			isa = PBXGroup;
			children = (
				27E51ED11D6B4C4B00B0E35A /* Week_1_Homework___DropboxTests.swift */,
				27E51ED31D6B4C4B00B0E35A /* Info.plist */,
			);
			path = "Week 1 Homework - DropboxTests";
			sourceTree = "<group>";
		};
		27E51EDB1D6B4C4B00B0E35A /* Week 1 Homework - DropboxUITests */ = {
			isa = PBXGroup;
			children = (
				27E51EDC1D6B4C4B00B0E35A /* Week_1_Homework___DropboxUITests.swift */,
				27E51EDE1D6B4C4B00B0E35A /* Info.plist */,
			);
			path = "Week 1 Homework - DropboxUITests";
			sourceTree = "<group>";
		};
/* End PBXGroup section */

/* Begin PBXNativeTarget section */
		27E51EB81D6B4C4B00B0E35A /* Week 1 Homework - Dropbox */ = {
			isa = PBXNativeTarget;
			buildConfigurationList = 27E51EE11D6B4C4B00B0E35A /* Build configuration list for PBXNativeTarget "Week 1 Homework - Dropbox" */;
			buildPhases = (
				27E51EB51D6B4C4B00B0E35A /* Sources */,
				27E51EB61D6B4C4B00B0E35A /* Frameworks */,
				27E51EB71D6B4C4B00B0E35A /* Resources */,
			);
			buildRules = (
			);
			dependencies = (
			);
			name = "Week 1 Homework - Dropbox";
			productName = "Week 1 Homework - Dropbox";
			productReference = 27E51EB91D6B4C4B00B0E35A /* Week 1 Homework - Dropbox.app */;
			productType = "com.apple.product-type.application";
		};
		27E51ECC1D6B4C4B00B0E35A /* Week 1 Homework - DropboxTests */ = {
			isa = PBXNativeTarget;
			buildConfigurationList = 27E51EE41D6B4C4B00B0E35A /* Build configuration list for PBXNativeTarget "Week 1 Homework - DropboxTests" */;
			buildPhases = (
				27E51EC91D6B4C4B00B0E35A /* Sources */,
				27E51ECA1D6B4C4B00B0E35A /* Frameworks */,
				27E51ECB1D6B4C4B00B0E35A /* Resources */,
			);
			buildRules = (
			);
			dependencies = (
				27E51ECF1D6B4C4B00B0E35A /* PBXTargetDependency */,
			);
			name = "Week 1 Homework - DropboxTests";
			productName = "Week 1 Homework - DropboxTests";
			productReference = 27E51ECD1D6B4C4B00B0E35A /* Week 1 Homework - DropboxTests.xctest */;
			productType = "com.apple.product-type.bundle.unit-test";
		};
		27E51ED71D6B4C4B00B0E35A /* Week 1 Homework - DropboxUITests */ = {
			isa = PBXNativeTarget;
			buildConfigurationList = 27E51EE71D6B4C4B00B0E35A /* Build configuration list for PBXNativeTarget "Week 1 Homework - DropboxUITests" */;
			buildPhases = (
				27E51ED41D6B4C4B00B0E35A /* Sources */,
				27E51ED51D6B4C4B00B0E35A /* Frameworks */,
				27E51ED61D6B4C4B00B0E35A /* Resources */,
			);
			buildRules = (
			);
			dependencies = (
				27E51EDA1D6B4C4B00B0E35A /* PBXTargetDependency */,
			);
			name = "Week 1 Homework - DropboxUITests";
			productName = "Week 1 Homework - DropboxUITests";
			productReference = 27E51ED81D6B4C4B00B0E35A /* Week 1 Homework - DropboxUITests.xctest */;
			productType = "com.apple.product-type.bundle.ui-testing";
		};
/* End PBXNativeTarget section */

/* Begin PBXProject section */
		27E51EB11D6B4C4B00B0E35A /* Project object */ = {
			isa = PBXProject;
			attributes = {
				LastSwiftUpdateCheck = 0730;
				LastUpgradeCheck = 0730;
				ORGANIZATIONNAME = "Dani Camous";
				TargetAttributes = {
					27E51EB81D6B4C4B00B0E35A = {
						CreatedOnToolsVersion = 7.3.1;
					};
					27E51ECC1D6B4C4B00B0E35A = {
						CreatedOnToolsVersion = 7.3.1;
						TestTargetID = 27E51EB81D6B4C4B00B0E35A;
					};
					27E51ED71D6B4C4B00B0E35A = {
						CreatedOnToolsVersion = 7.3.1;
						TestTargetID = 27E51EB81D6B4C4B00B0E35A;
					};
				};
			};
			buildConfigurationList = 27E51EB41D6B4C4B00B0E35A /* Build configuration list for PBXProject "Week 1 Homework - Dropbox" */;
			compatibilityVersion = "Xcode 3.2";
			developmentRegion = English;
			hasScannedForEncodings = 0;
			knownRegions = (
				en,
				Base,
			);
			mainGroup = 27E51EB01D6B4C4B00B0E35A;
			productRefGroup = 27E51EBA1D6B4C4B00B0E35A /* Products */;
			projectDirPath = "";
			projectRoot = "";
			targets = (
				27E51EB81D6B4C4B00B0E35A /* Week 1 Homework - Dropbox */,
				27E51ECC1D6B4C4B00B0E35A /* Week 1 Homework - DropboxTests */,
				27E51ED71D6B4C4B00B0E35A /* Week 1 Homework - DropboxUITests */,
			);
		};
/* End PBXProject section */

/* Begin PBXResourcesBuildPhase section */
		27E51EB71D6B4C4B00B0E35A /* Resources */ = {
			isa = PBXResourcesBuildPhase;
			buildActionMask = 2147483647;
			files = (
				27E51EC71D6B4C4B00B0E35A /* LaunchScreen.storyboard in Resources */,
				27E51EC41D6B4C4B00B0E35A /* Assets.xcassets in Resources */,
				27E51EC21D6B4C4B00B0E35A /* Main.storyboard in Resources */,
			);
			runOnlyForDeploymentPostprocessing = 0;
		};
		27E51ECB1D6B4C4B00B0E35A /* Resources */ = {
			isa = PBXResourcesBuildPhase;
			buildActionMask = 2147483647;
			files = (
			);
			runOnlyForDeploymentPostprocessing = 0;
		};
		27E51ED61D6B4C4B00B0E35A /* Resources */ = {
			isa = PBXResourcesBuildPhase;
			buildActionMask = 2147483647;
			files = (
			);
			runOnlyForDeploymentPostprocessing = 0;
		};
/* End PBXResourcesBuildPhase section */

/* Begin PBXSourcesBuildPhase section */
		27E51EB51D6B4C4B00B0E35A /* Sources */ = {
			isa = PBXSourcesBuildPhase;
			buildActionMask = 2147483647;
			files = (
				27E51EBF1D6B4C4B00B0E35A /* ViewController.swift in Sources */,
				27E51EBD1D6B4C4B00B0E35A /* AppDelegate.swift in Sources */,
			);
			runOnlyForDeploymentPostprocessing = 0;
		};
		27E51EC91D6B4C4B00B0E35A /* Sources */ = {
			isa = PBXSourcesBuildPhase;
			buildActionMask = 2147483647;
			files = (
				27E51ED21D6B4C4B00B0E35A /* Week_1_Homework___DropboxTests.swift in Sources */,
			);
			runOnlyForDeploymentPostprocessing = 0;
		};
		27E51ED41D6B4C4B00B0E35A /* Sources */ = {
			isa = PBXSourcesBuildPhase;
			buildActionMask = 2147483647;
			files = (
				27E51EDD1D6B4C4B00B0E35A /* Week_1_Homework___DropboxUITests.swift in Sources */,
			);
			runOnlyForDeploymentPostprocessing = 0;
		};
/* End PBXSourcesBuildPhase section */

/* Begin PBXTargetDependency section */
		27E51ECF1D6B4C4B00B0E35A /* PBXTargetDependency */ = {
			isa = PBXTargetDependency;
			target = 27E51EB81D6B4C4B00B0E35A /* Week 1 Homework - Dropbox */;
			targetProxy = 27E51ECE1D6B4C4B00B0E35A /* PBXContainerItemProxy */;
		};
		27E51EDA1D6B4C4B00B0E35A /* PBXTargetDependency */ = {
			isa = PBXTargetDependency;
			target = 27E51EB81D6B4C4B00B0E35A /* Week 1 Homework - Dropbox */;
			targetProxy = 27E51ED91D6B4C4B00B0E35A /* PBXContainerItemProxy */;
		};
/* End PBXTargetDependency section */

/* Begin PBXVariantGroup section */
		27E51EC01D6B4C4B00B0E35A /* Main.storyboard */ = {
			isa = PBXVariantGroup;
			children = (
				27E51EC11D6B4C4B00B0E35A /* Base */,
			);
			name = Main.storyboard;
			sourceTree = "<group>";
		};
		27E51EC51D6B4C4B00B0E35A /* LaunchScreen.storyboard */ = {
			isa = PBXVariantGroup;
			children = (
				27E51EC61D6B4C4B00B0E35A /* Base */,
			);
			name = LaunchScreen.storyboard;
			sourceTree = "<group>";
		};
/* End PBXVariantGroup section */

/* Begin XCBuildConfiguration section */
		27E51EDF1D6B4C4B00B0E35A /* Debug */ = {
			isa = XCBuildConfiguration;
			buildSettings = {
				ALWAYS_SEARCH_USER_PATHS = NO;
				CLANG_ANALYZER_NONNULL = YES;
				CLANG_CXX_LANGUAGE_STANDARD = "gnu++0x";
				CLANG_CXX_LIBRARY = "libc++";
				CLANG_ENABLE_MODULES = YES;
				CLANG_ENABLE_OBJC_ARC = YES;
				CLANG_WARN_BOOL_CONVERSION = YES;
				CLANG_WARN_CONSTANT_CONVERSION = YES;
				CLANG_WARN_DIRECT_OBJC_ISA_USAGE = YES_ERROR;
				CLANG_WARN_EMPTY_BODY = YES;
				CLANG_WARN_ENUM_CONVERSION = YES;
				CLANG_WARN_INT_CONVERSION = YES;
				CLANG_WARN_OBJC_ROOT_CLASS = YES_ERROR;
				CLANG_WARN_UNREACHABLE_CODE = YES;
				CLANG_WARN__DUPLICATE_METHOD_MATCH = YES;
				"CODE_SIGN_IDENTITY[sdk=iphoneos*]" = "iPhone Developer";
				COPY_PHASE_STRIP = NO;
				DEBUG_INFORMATION_FORMAT = dwarf;
				ENABLE_STRICT_OBJC_MSGSEND = YES;
				ENABLE_TESTABILITY = YES;
				GCC_C_LANGUAGE_STANDARD = gnu99;
				GCC_DYNAMIC_NO_PIC = NO;
				GCC_NO_COMMON_BLOCKS = YES;
				GCC_OPTIMIZATION_LEVEL = 0;
				GCC_PREPROCESSOR_DEFINITIONS = (
					"DEBUG=1",
					"$(inherited)",
				);
				GCC_WARN_64_TO_32_BIT_CONVERSION = YES;
				GCC_WARN_ABOUT_RETURN_TYPE = YES_ERROR;
				GCC_WARN_UNDECLARED_SELECTOR = YES;
				GCC_WARN_UNINITIALIZED_AUTOS = YES_AGGRESSIVE;
				GCC_WARN_UNUSED_FUNCTION = YES;
				GCC_WARN_UNUSED_VARIABLE = YES;
				IPHONEOS_DEPLOYMENT_TARGET = 9.3;
				MTL_ENABLE_DEBUG_INFO = YES;
				ONLY_ACTIVE_ARCH = YES;
				SDKROOT = iphoneos;
				SWIFT_OPTIMIZATION_LEVEL = "-Onone";
			};
			name = Debug;
		};
		27E51EE01D6B4C4B00B0E35A /* Release */ = {
			isa = XCBuildConfiguration;
			buildSettings = {
				ALWAYS_SEARCH_USER_PATHS = NO;
				CLANG_ANALYZER_NONNULL = YES;
				CLANG_CXX_LANGUAGE_STANDARD = "gnu++0x";
				CLANG_CXX_LIBRARY = "libc++";
				CLANG_ENABLE_MODULES = YES;
				CLANG_ENABLE_OBJC_ARC = YES;
				CLANG_WARN_BOOL_CONVERSION = YES;
				CLANG_WARN_CONSTANT_CONVERSION = YES;
				CLANG_WARN_DIRECT_OBJC_ISA_USAGE = YES_ERROR;
				CLANG_WARN_EMPTY_BODY = YES;
				CLANG_WARN_ENUM_CONVERSION = YES;
				CLANG_WARN_INT_CONVERSION = YES;
				CLANG_WARN_OBJC_ROOT_CLASS = YES_ERROR;
				CLANG_WARN_UNREACHABLE_CODE = YES;
				CLANG_WARN__DUPLICATE_METHOD_MATCH = YES;
				"CODE_SIGN_IDENTITY[sdk=iphoneos*]" = "iPhone Developer";
				COPY_PHASE_STRIP = NO;
				DEBUG_INFORMATION_FORMAT = "dwarf-with-dsym";
				ENABLE_NS_ASSERTIONS = NO;
				ENABLE_STRICT_OBJC_MSGSEND = YES;
				GCC_C_LANGUAGE_STANDARD = gnu99;
				GCC_NO_COMMON_BLOCKS = YES;
				GCC_WARN_64_TO_32_BIT_CONVERSION = YES;
				GCC_WARN_ABOUT_RETURN_TYPE = YES_ERROR;
				GCC_WARN_UNDECLARED_SELECTOR = YES;
				GCC_WARN_UNINITIALIZED_AUTOS = YES_AGGRESSIVE;
				GCC_WARN_UNUSED_FUNCTION = YES;
				GCC_WARN_UNUSED_VARIABLE = YES;
				IPHONEOS_DEPLOYMENT_TARGET = 9.3;
				MTL_ENABLE_DEBUG_INFO = NO;
				SDKROOT = iphoneos;
				VALIDATE_PRODUCT = YES;
			};
			name = Release;
		};
		27E51EE21D6B4C4B00B0E35A /* Debug */ = {
			isa = XCBuildConfiguration;
			buildSettings = {
				ASSETCATALOG_COMPILER_APPICON_NAME = AppIcon;
				INFOPLIST_FILE = "Week 1 Homework - Dropbox/Info.plist";
				LD_RUNPATH_SEARCH_PATHS = "$(inherited) @executable_path/Frameworks";
				PRODUCT_BUNDLE_IDENTIFIER = "com.codepath.Week-1-Homework---Dropbox";
				PRODUCT_NAME = "$(TARGET_NAME)";
			};
			name = Debug;
		};
		27E51EE31D6B4C4B00B0E35A /* Release */ = {
			isa = XCBuildConfiguration;
			buildSettings = {
				ASSETCATALOG_COMPILER_APPICON_NAME = AppIcon;
				INFOPLIST_FILE = "Week 1 Homework - Dropbox/Info.plist";
				LD_RUNPATH_SEARCH_PATHS = "$(inherited) @executable_path/Frameworks";
				PRODUCT_BUNDLE_IDENTIFIER = "com.codepath.Week-1-Homework---Dropbox";
				PRODUCT_NAME = "$(TARGET_NAME)";
			};
			name = Release;
		};
		27E51EE51D6B4C4B00B0E35A /* Debug */ = {
			isa = XCBuildConfiguration;
			buildSettings = {
				BUNDLE_LOADER = "$(TEST_HOST)";
				INFOPLIST_FILE = "Week 1 Homework - DropboxTests/Info.plist";
				LD_RUNPATH_SEARCH_PATHS = "$(inherited) @executable_path/Frameworks @loader_path/Frameworks";
				PRODUCT_BUNDLE_IDENTIFIER = "com.codepath.Week-1-Homework---DropboxTests";
				PRODUCT_NAME = "$(TARGET_NAME)";
				TEST_HOST = "$(BUILT_PRODUCTS_DIR)/Week 1 Homework - Dropbox.app/Week 1 Homework - Dropbox";
			};
			name = Debug;
		};
		27E51EE61D6B4C4B00B0E35A /* Release */ = {
			isa = XCBuildConfiguration;
			buildSettings = {
				BUNDLE_LOADER = "$(TEST_HOST)";
				INFOPLIST_FILE = "Week 1 Homework - DropboxTests/Info.plist";
				LD_RUNPATH_SEARCH_PATHS = "$(inherited) @executable_path/Frameworks @loader_path/Frameworks";
				PRODUCT_BUNDLE_IDENTIFIER = "com.codepath.Week-1-Homework---DropboxTests";
				PRODUCT_NAME = "$(TARGET_NAME)";
				TEST_HOST = "$(BUILT_PRODUCTS_DIR)/Week 1 Homework - Dropbox.app/Week 1 Homework - Dropbox";
			};
			name = Release;
		};
		27E51EE81D6B4C4B00B0E35A /* Debug */ = {
			isa = XCBuildConfiguration;
			buildSettings = {
				INFOPLIST_FILE = "Week 1 Homework - DropboxUITests/Info.plist";
				LD_RUNPATH_SEARCH_PATHS = "$(inherited) @executable_path/Frameworks @loader_path/Frameworks";
				PRODUCT_BUNDLE_IDENTIFIER = "com.codepath.Week-1-Homework---DropboxUITests";
				PRODUCT_NAME = "$(TARGET_NAME)";
				TEST_TARGET_NAME = "Week 1 Homework - Dropbox";
			};
			name = Debug;
		};
		27E51EE91D6B4C4B00B0E35A /* Release */ = {
			isa = XCBuildConfiguration;
			buildSettings = {
				INFOPLIST_FILE = "Week 1 Homework - DropboxUITests/Info.plist";
				LD_RUNPATH_SEARCH_PATHS = "$(inherited) @executable_path/Frameworks @loader_path/Frameworks";
				PRODUCT_BUNDLE_IDENTIFIER = "com.codepath.Week-1-Homework---DropboxUITests";
				PRODUCT_NAME = "$(TARGET_NAME)";
				TEST_TARGET_NAME = "Week 1 Homework - Dropbox";
			};
			name = Release;
		};
/* End XCBuildConfiguration section */

/* Begin XCConfigurationList section */
		27E51EB41D6B4C4B00B0E35A /* Build configuration list for PBXProject "Week 1 Homework - Dropbox" */ = {
			isa = XCConfigurationList;
			buildConfigurations = (
				27E51EDF1D6B4C4B00B0E35A /* Debug */,
				27E51EE01D6B4C4B00B0E35A /* Release */,
			);
			defaultConfigurationIsVisible = 0;
			defaultConfigurationName = Release;
		};
		27E51EE11D6B4C4B00B0E35A /* Build configuration list for PBXNativeTarget "Week 1 Homework - Dropbox" */ = {
			isa = XCConfigurationList;
			buildConfigurations = (
				27E51EE21D6B4C4B00B0E35A /* Debug */,
				27E51EE31D6B4C4B00B0E35A /* Release */,
			);
			defaultConfigurationIsVisible = 0;
		};
		27E51EE41D6B4C4B00B0E35A /* Build configuration list for PBXNativeTarget "Week 1 Homework - DropboxTests" */ = {
			isa = XCConfigurationList;
			buildConfigurations = (
				27E51EE51D6B4C4B00B0E35A /* Debug */,
				27E51EE61D6B4C4B00B0E35A /* Release */,
			);
			defaultConfigurationIsVisible = 0;
		};
		27E51EE71D6B4C4B00B0E35A /* Build configuration list for PBXNativeTarget "Week 1 Homework - DropboxUITests" */ = {
			isa = XCConfigurationList;
			buildConfigurations = (
				27E51EE81D6B4C4B00B0E35A /* Debug */,
				27E51EE91D6B4C4B00B0E35A /* Release */,
			);
			defaultConfigurationIsVisible = 0;
		};
/* End XCConfigurationList section */
	};
	rootObject = 27E51EB11D6B4C4B00B0E35A /* Project object */;
}
